
Microsoft Visual Studio Solution File, Format Version 12.00
# Visual Studio 2012
Project("{FAE04EC0-301F-11D3-BF4B-00C04F79EFBC}") = "TavernAPI", "TavernAPI.csproj", "{8987ED0A-55E2-4A42-99B3-8015FD0CFC89}"
EndProject
Global
	GlobalSection(SolutionConfigurationPlatforms) = preSolution
		Debug|Any CPU = Debug|Any CPU
		Release|Any CPU = Release|Any CPU
	EndGlobalSection
	GlobalSection(ProjectConfigurationPlatforms) = postSolution
		{8987ED0A-55E2-4A42-99B3-8015FD0CFC89}.Debug|Any CPU.ActiveCfg = Debug|Any CPU
		{8987ED0A-55E2-4A42-99B3-8015FD0CFC89}.Debug|Any CPU.Build.0 = Debug|Any CPU
		{8987ED0A-55E2-4A42-99B3-8015FD0CFC89}.Release|Any CPU.ActiveCfg = Release|Any CPU
		{8987ED0A-55E2-4A42-99B3-8015FD0CFC89}.Release|Any CPU.Build.0 = Release|Any CPU
	EndGlobalSection
EndGlobal
